
Microsoft Visual Studio Solution File, Format Version 12.00
# Visual Studio Version 16
VisualStudioVersion = 16.0.32126.315
MinimumVisualStudioVersion = 10.0.40219.1
Project("{FAE04EC0-301F-11D3-BF4B-00C04F79EFBC}") = "PhoneStoreFuck", "PhoneStoreFuck.csproj", "{CFD6FEF1-A40D-4B0A-A419-554C988D8654}"
EndProject
Project("{FAE04EC0-301F-11D3-BF4B-00C04F79EFBC}") = "PhoneStoreAdminFuck", "..\PhoneStoreAdmin\PhoneStoreAdminFuck.csproj", "{87D233E2-2038-4B81-BA8B-D27F28BF50F6}"
EndProject
Project("{FAE04EC0-301F-11D3-BF4B-00C04F79EFBC}") = "PhoneStoreCustomerFuck", "..\PhoneStoreCustomer\PhoneStoreCustomerFuck.csproj", "{17B329CB-E894-44CA-AF49-191067626E96}"
EndProject
Global
	GlobalSection(SolutionConfigurationPlatforms) = preSolution
		Debug|Any CPU = Debug|Any CPU
		Release|Any CPU = Release|Any CPU
	EndGlobalSection
	GlobalSection(ProjectConfigurationPlatforms) = postSolution
		{CFD6FEF1-A40D-4B0A-A419-554C988D8654}.Debug|Any CPU.ActiveCfg = Debug|Any CPU
		{CFD6FEF1-A40D-4B0A-A419-554C988D8654}.Debug|Any CPU.Build.0 = Debug|Any CPU
		{CFD6FEF1-A40D-4B0A-A419-554C988D8654}.Release|Any CPU.ActiveCfg = Release|Any CPU
		{CFD6FEF1-A40D-4B0A-A419-554C988D8654}.Release|Any CPU.Build.0 = Release|Any CPU
		{87D233E2-2038-4B81-BA8B-D27F28BF50F6}.Debug|Any CPU.ActiveCfg = Debug|Any CPU
		{87D233E2-2038-4B81-BA8B-D27F28BF50F6}.Debug|Any CPU.Build.0 = Debug|Any CPU
		{87D233E2-2038-4B81-BA8B-D27F28BF50F6}.Release|Any CPU.ActiveCfg = Release|Any CPU
		{87D233E2-2038-4B81-BA8B-D27F28BF50F6}.Release|Any CPU.Build.0 = Release|Any CPU
		{17B329CB-E894-44CA-AF49-191067626E96}.Debug|Any CPU.ActiveCfg = Debug|Any CPU
		{17B329CB-E894-44CA-AF49-191067626E96}.Debug|Any CPU.Build.0 = Debug|Any CPU
		{17B329CB-E894-44CA-AF49-191067626E96}.Release|Any CPU.ActiveCfg = Release|Any CPU
		{17B329CB-E894-44CA-AF49-191067626E96}.Release|Any CPU.Build.0 = Release|Any CPU
	EndGlobalSection
	GlobalSection(SolutionProperties) = preSolution
		HideSolutionNode = FALSE
	EndGlobalSection
	GlobalSection(ExtensibilityGlobals) = postSolution
		SolutionGuid = {7577419C-33BB-4D3C-BCAF-58C7E54E726A}
	EndGlobalSection
EndGlobal
