
Microsoft Visual Studio Solution File, Format Version 12.00
# Visual Studio Version 17
VisualStudioVersion = 17.1.32414.318
MinimumVisualStudioVersion = 10.0.40219.1
Project("{9A19103F-16F7-4668-BE54-9A1E7A4F7556}") = "PhoneStore", "PhoneStore.csproj", "{AB7B15CC-0B9F-42B7-ABC0-D8CBB46500CF}"
EndProject
Project("{9A19103F-16F7-4668-BE54-9A1E7A4F7556}") = "PhoneStoreAdmin", "..\PhoneStoreAdmin\PhoneStoreAdmin.csproj", "{86006F10-091E-477E-8D8D-D785A0A2A86A}"
EndProject
Project("{9A19103F-16F7-4668-BE54-9A1E7A4F7556}") = "PhoneStoreCustomer", "..\PhoneStoreCustomer\PhoneStoreCustomer.csproj", "{A7DC5DCD-FFBB-40E9-926B-A8A4045E5D7D}"
EndProject
Project("{9A19103F-16F7-4668-BE54-9A1E7A4F7556}") = "PhoneStoreAdminWindowsForms", "..\PhoneStoreAdminWindowsForms\PhoneStoreAdminWindowsForms.csproj", "{F74B56D9-3171-4882-9321-2DF3A71D4D28}"
EndProject
Project("{FAE04EC0-301F-11D3-BF4B-00C04F79EFBC}") = "PhoneStoreTests", "..\PhoneStoreTests\PhoneStoreTests.csproj", "{97C413AE-E6CD-419D-8269-9833EBEFE087}"
EndProject
Global
	GlobalSection(SolutionConfigurationPlatforms) = preSolution
		Debug|Any CPU = Debug|Any CPU
		Release|Any CPU = Release|Any CPU
	EndGlobalSection
	GlobalSection(ProjectConfigurationPlatforms) = postSolution
		{AB7B15CC-0B9F-42B7-ABC0-D8CBB46500CF}.Debug|Any CPU.ActiveCfg = Debug|Any CPU
		{AB7B15CC-0B9F-42B7-ABC0-D8CBB46500CF}.Debug|Any CPU.Build.0 = Debug|Any CPU
		{AB7B15CC-0B9F-42B7-ABC0-D8CBB46500CF}.Release|Any CPU.ActiveCfg = Release|Any CPU
		{AB7B15CC-0B9F-42B7-ABC0-D8CBB46500CF}.Release|Any CPU.Build.0 = Release|Any CPU
		{86006F10-091E-477E-8D8D-D785A0A2A86A}.Debug|Any CPU.ActiveCfg = Debug|Any CPU
		{86006F10-091E-477E-8D8D-D785A0A2A86A}.Debug|Any CPU.Build.0 = Debug|Any CPU
		{86006F10-091E-477E-8D8D-D785A0A2A86A}.Release|Any CPU.ActiveCfg = Release|Any CPU
		{86006F10-091E-477E-8D8D-D785A0A2A86A}.Release|Any CPU.Build.0 = Release|Any CPU
		{A7DC5DCD-FFBB-40E9-926B-A8A4045E5D7D}.Debug|Any CPU.ActiveCfg = Debug|Any CPU
		{A7DC5DCD-FFBB-40E9-926B-A8A4045E5D7D}.Debug|Any CPU.Build.0 = Debug|Any CPU
		{A7DC5DCD-FFBB-40E9-926B-A8A4045E5D7D}.Release|Any CPU.ActiveCfg = Release|Any CPU
		{A7DC5DCD-FFBB-40E9-926B-A8A4045E5D7D}.Release|Any CPU.Build.0 = Release|Any CPU
		{F74B56D9-3171-4882-9321-2DF3A71D4D28}.Debug|Any CPU.ActiveCfg = Debug|Any CPU
		{F74B56D9-3171-4882-9321-2DF3A71D4D28}.Debug|Any CPU.Build.0 = Debug|Any CPU
		{F74B56D9-3171-4882-9321-2DF3A71D4D28}.Release|Any CPU.ActiveCfg = Release|Any CPU
		{F74B56D9-3171-4882-9321-2DF3A71D4D28}.Release|Any CPU.Build.0 = Release|Any CPU
		{97C413AE-E6CD-419D-8269-9833EBEFE087}.Debug|Any CPU.ActiveCfg = Debug|Any CPU
		{97C413AE-E6CD-419D-8269-9833EBEFE087}.Debug|Any CPU.Build.0 = Debug|Any CPU
		{97C413AE-E6CD-419D-8269-9833EBEFE087}.Release|Any CPU.ActiveCfg = Release|Any CPU
		{97C413AE-E6CD-419D-8269-9833EBEFE087}.Release|Any CPU.Build.0 = Release|Any CPU
	EndGlobalSection
	GlobalSection(SolutionProperties) = preSolution
		HideSolutionNode = FALSE
	EndGlobalSection
	GlobalSection(ExtensibilityGlobals) = postSolution
		SolutionGuid = {E87548F7-004E-4DE3-A77E-CBD192B612C0}
	EndGlobalSection
EndGlobal
